
Microsoft Visual Studio Solution File, Format Version 12.00
# Visual Studio Version 16
VisualStudioVersion = 16.0.31605.320
MinimumVisualStudioVersion = 10.0.40219.1
Project("{FAE04EC0-301F-11D3-BF4B-00C04F79EFBC}") = "StrausRadio", "StrausRadio.csproj", "{5BD36BE3-996B-4969-BA07-75B5372527ED}"
EndProject
Global
	GlobalSection(SolutionConfigurationPlatforms) = preSolution
		Debug|Any CPU = Debug|Any CPU
		Release|Any CPU = Release|Any CPU
	EndGlobalSection
	GlobalSection(ProjectConfigurationPlatforms) = postSolution
		{5BD36BE3-996B-4969-BA07-75B5372527ED}.Debug|Any CPU.ActiveCfg = Debug|Any CPU
		{5BD36BE3-996B-4969-BA07-75B5372527ED}.Debug|Any CPU.Build.0 = Debug|Any CPU
		{5BD36BE3-996B-4969-BA07-75B5372527ED}.Release|Any CPU.ActiveCfg = Release|Any CPU
		{5BD36BE3-996B-4969-BA07-75B5372527ED}.Release|Any CPU.Build.0 = Release|Any CPU
	EndGlobalSection
	GlobalSection(SolutionProperties) = preSolution
		HideSolutionNode = FALSE
	EndGlobalSection
	GlobalSection(ExtensibilityGlobals) = postSolution
		SolutionGuid = {97DAF5C1-9E94-44A5-837B-2B0DCFCD88AB}
	EndGlobalSection
EndGlobal
